
Microsoft Visual Studio Solution File, Format Version 12.00
# Visual Studio Version 17
VisualStudioVersion = 17.4.33213.308
MinimumVisualStudioVersion = 10.0.40219.1
Project("{FAE04EC0-301F-11D3-BF4B-00C04F79EFBC}") = "Aula15JonoSe", "Aula15JonoSe\Aula15JonoSe.csproj", "{74663884-230F-432F-ACA9-82B84387646D}"
EndProject
Global
	GlobalSection(SolutionConfigurationPlatforms) = preSolution
		Debug|Any CPU = Debug|Any CPU
		Release|Any CPU = Release|Any CPU
	EndGlobalSection
	GlobalSection(ProjectConfigurationPlatforms) = postSolution
		{74663884-230F-432F-ACA9-82B84387646D}.Debug|Any CPU.ActiveCfg = Debug|Any CPU
		{74663884-230F-432F-ACA9-82B84387646D}.Debug|Any CPU.Build.0 = Debug|Any CPU
		{74663884-230F-432F-ACA9-82B84387646D}.Release|Any CPU.ActiveCfg = Release|Any CPU
		{74663884-230F-432F-ACA9-82B84387646D}.Release|Any CPU.Build.0 = Release|Any CPU
	EndGlobalSection
	GlobalSection(SolutionProperties) = preSolution
		HideSolutionNode = FALSE
	EndGlobalSection
	GlobalSection(ExtensibilityGlobals) = postSolution
		SolutionGuid = {10A7B3B4-1871-4A3C-B5CA-C83E30818F24}
	EndGlobalSection
EndGlobal
